# THIS IS AN AUTOGENERATED FILE. DO NOT EDIT THIS FILE DIRECTLY.
# yarn lockfile v1


"@lifeomic/typescript-tools@^15.0.1":
  version "15.0.1"
  resolved "https://registry.yarnpkg.com/@lifeomic/typescript-tools/-/typescript-tools-15.0.1.tgz#0b7880999ce0335e923511bd115a3b9620dead86"
  integrity sha512-i/wrBnE660ZWuU5ZNk79vmet3iHKB24AvIZUO9dos1wLhzfPDYQ9vzP2Nxp8htRFf9at4pe7QtZY/ZH1EX44Og==

prettier@^2.8.3:
  version "2.8.3"
  resolved "https://registry.yarnpkg.com/prettier/-/prettier-2.8.3.tgz#ab697b1d3dd46fb4626fbe2f543afe0cc98d8632"
  integrity sha512-tJ/oJ4amDihPoufT5sM0Z1SKEuKay8LfVAMlbbhnnkvt6BUserZylqo2PN+p9KeljLr0OHa2rXHU1T8reeoTrw==
